
Microsoft Visual Studio Solution File, Format Version 12.00
# Visual Studio Version 17
VisualStudioVersion = 17.14.36414.22 d17.14
MinimumVisualStudioVersion = 10.0.40219.1
Project("{FAE04EC0-301F-11D3-BF4B-00C04F79EFBC}") = "Metodos", "Metodos.csproj", "{0209B883-C551-4B04-A7A4-909F58CC1273}"
EndProject
Global
	GlobalSection(SolutionConfigurationPlatforms) = preSolution
		Debug|Any CPU = Debug|Any CPU
		Release|Any CPU = Release|Any CPU
	EndGlobalSection
	GlobalSection(ProjectConfigurationPlatforms) = postSolution
		{0209B883-C551-4B04-A7A4-909F58CC1273}.Debug|Any CPU.ActiveCfg = Debug|Any CPU
		{0209B883-C551-4B04-A7A4-909F58CC1273}.Debug|Any CPU.Build.0 = Debug|Any CPU
		{0209B883-C551-4B04-A7A4-909F58CC1273}.Release|Any CPU.ActiveCfg = Release|Any CPU
		{0209B883-C551-4B04-A7A4-909F58CC1273}.Release|Any CPU.Build.0 = Release|Any CPU
	EndGlobalSection
	GlobalSection(SolutionProperties) = preSolution
		HideSolutionNode = FALSE
	EndGlobalSection
	GlobalSection(ExtensibilityGlobals) = postSolution
		SolutionGuid = {BFCA3539-2E4E-4279-857D-3F3CB4A8C65B}
	EndGlobalSection
EndGlobal
